{
    "_meta": {
        "hash": {
            "sha256": "4d0a7cc311c93905b9d1a66b361efb22307d380bc7e375d3a7c7ec3496b98a26"
        },
        "pipfile-spec": 6,
        "requires": {
            "python_version": "3.9"
        },
        "sources": [
            {
                "name": "pypi",
                "url": "https://pypi.org/simple",
                "verify_ssl": true
            }
        ]
    },
    "default": {
        "filelock": {
            "hashes": [
                "sha256:38b4f4c989f9d06d44524df1b24bd19e167d851f19b50bf3e3559952dddc5b80",
                "sha256:cf0fc6a2f8d26bd900f19bf33915ca70ba4dd8c56903eeb14e1e7a2fd7590146"
            ],
            "index": "pypi",
            "version": "==3.4.2"
        }
    },
    "develop": {}
}
